
Microsoft Visual Studio Solution File, Format Version 12.00
# Visual Studio Version 16
VisualStudioVersion = 16.6.30114.105
MinimumVisualStudioVersion = 10.0.40219.1
Project("{FAE04EC0-301F-11D3-BF4B-00C04F79EFBC}") = "KaggleReader.Library", "KaggleReader.Library\KaggleReader.Library.csproj", "{FECA61A0-72AA-48C5-907C-D99FF14DC8F3}"
EndProject
Project("{FAE04EC0-301F-11D3-BF4B-00C04F79EFBC}") = "KaggleReader.Tests", "KaggleReader.Tests\KaggleReader.Tests.csproj", "{D94B94B6-70D7-4B12-803D-F74AF50C9C66}"
EndProject
Global
	GlobalSection(SolutionConfigurationPlatforms) = preSolution
		Debug|Any CPU = Debug|Any CPU
		Debug|x64 = Debug|x64
		Debug|x86 = Debug|x86
		Release|Any CPU = Release|Any CPU
		Release|x64 = Release|x64
		Release|x86 = Release|x86
	EndGlobalSection
	GlobalSection(SolutionProperties) = preSolution
		HideSolutionNode = FALSE
	EndGlobalSection
	GlobalSection(ProjectConfigurationPlatforms) = postSolution
		{FECA61A0-72AA-48C5-907C-D99FF14DC8F3}.Debug|Any CPU.ActiveCfg = Debug|Any CPU
		{FECA61A0-72AA-48C5-907C-D99FF14DC8F3}.Debug|Any CPU.Build.0 = Debug|Any CPU
		{FECA61A0-72AA-48C5-907C-D99FF14DC8F3}.Debug|x64.ActiveCfg = Debug|Any CPU
		{FECA61A0-72AA-48C5-907C-D99FF14DC8F3}.Debug|x64.Build.0 = Debug|Any CPU
		{FECA61A0-72AA-48C5-907C-D99FF14DC8F3}.Debug|x86.ActiveCfg = Debug|Any CPU
		{FECA61A0-72AA-48C5-907C-D99FF14DC8F3}.Debug|x86.Build.0 = Debug|Any CPU
		{FECA61A0-72AA-48C5-907C-D99FF14DC8F3}.Release|Any CPU.ActiveCfg = Release|Any CPU
		{FECA61A0-72AA-48C5-907C-D99FF14DC8F3}.Release|Any CPU.Build.0 = Release|Any CPU
		{FECA61A0-72AA-48C5-907C-D99FF14DC8F3}.Release|x64.ActiveCfg = Release|Any CPU
		{FECA61A0-72AA-48C5-907C-D99FF14DC8F3}.Release|x64.Build.0 = Release|Any CPU
		{FECA61A0-72AA-48C5-907C-D99FF14DC8F3}.Release|x86.ActiveCfg = Release|Any CPU
		{FECA61A0-72AA-48C5-907C-D99FF14DC8F3}.Release|x86.Build.0 = Release|Any CPU
		{D94B94B6-70D7-4B12-803D-F74AF50C9C66}.Debug|Any CPU.ActiveCfg = Debug|Any CPU
		{D94B94B6-70D7-4B12-803D-F74AF50C9C66}.Debug|Any CPU.Build.0 = Debug|Any CPU
		{D94B94B6-70D7-4B12-803D-F74AF50C9C66}.Debug|x64.ActiveCfg = Debug|Any CPU
		{D94B94B6-70D7-4B12-803D-F74AF50C9C66}.Debug|x64.Build.0 = Debug|Any CPU
		{D94B94B6-70D7-4B12-803D-F74AF50C9C66}.Debug|x86.ActiveCfg = Debug|Any CPU
		{D94B94B6-70D7-4B12-803D-F74AF50C9C66}.Debug|x86.Build.0 = Debug|Any CPU
		{D94B94B6-70D7-4B12-803D-F74AF50C9C66}.Release|Any CPU.ActiveCfg = Release|Any CPU
		{D94B94B6-70D7-4B12-803D-F74AF50C9C66}.Release|Any CPU.Build.0 = Release|Any CPU
		{D94B94B6-70D7-4B12-803D-F74AF50C9C66}.Release|x64.ActiveCfg = Release|Any CPU
		{D94B94B6-70D7-4B12-803D-F74AF50C9C66}.Release|x64.Build.0 = Release|Any CPU
		{D94B94B6-70D7-4B12-803D-F74AF50C9C66}.Release|x86.ActiveCfg = Release|Any CPU
		{D94B94B6-70D7-4B12-803D-F74AF50C9C66}.Release|x86.Build.0 = Release|Any CPU
	EndGlobalSection
EndGlobal
